
Microsoft Visual Studio Solution File, Format Version 12.00
# Visual Studio Version 17
VisualStudioVersion = 17.11.35327.3
MinimumVisualStudioVersion = 10.0.40219.1
Project("{9A19103F-16F7-4668-BE54-9A1E7A4F7556}") = "RiskTheTest", "RiskTheTest\RiskTheTest.csproj", "{20F35801-EFD9-4296-BC7E-F417125ADCDF}"
EndProject
Project("{FAE04EC0-301F-11D3-BF4B-00C04F79EFBC}") = "RiskTheTest.ConsoleGame", "RiskTheTest.ConsoleGame\RiskTheTest.ConsoleGame.csproj", "{45D99333-4D76-4E2D-98CB-66E0991E0D33}"
EndProject
Project("{FAE04EC0-301F-11D3-BF4B-00C04F79EFBC}") = "RiskTheTest.ConsoleGame.Tests", "RiskTheTest.ConsoleGame.Tests\RiskTheTest.ConsoleGame.Tests.csproj", "{F91B968B-1DA3-4C9E-B709-B9DB98EA5982}"
EndProject
Global
	GlobalSection(SolutionConfigurationPlatforms) = preSolution
		Debug|Any CPU = Debug|Any CPU
		Release|Any CPU = Release|Any CPU
	EndGlobalSection
	GlobalSection(ProjectConfigurationPlatforms) = postSolution
		{20F35801-EFD9-4296-BC7E-F417125ADCDF}.Debug|Any CPU.ActiveCfg = Debug|Any CPU
		{20F35801-EFD9-4296-BC7E-F417125ADCDF}.Debug|Any CPU.Build.0 = Debug|Any CPU
		{20F35801-EFD9-4296-BC7E-F417125ADCDF}.Release|Any CPU.ActiveCfg = Release|Any CPU
		{20F35801-EFD9-4296-BC7E-F417125ADCDF}.Release|Any CPU.Build.0 = Release|Any CPU
		{45D99333-4D76-4E2D-98CB-66E0991E0D33}.Debug|Any CPU.ActiveCfg = Debug|Any CPU
		{45D99333-4D76-4E2D-98CB-66E0991E0D33}.Debug|Any CPU.Build.0 = Debug|Any CPU
		{45D99333-4D76-4E2D-98CB-66E0991E0D33}.Release|Any CPU.ActiveCfg = Release|Any CPU
		{45D99333-4D76-4E2D-98CB-66E0991E0D33}.Release|Any CPU.Build.0 = Release|Any CPU
		{F91B968B-1DA3-4C9E-B709-B9DB98EA5982}.Debug|Any CPU.ActiveCfg = Debug|Any CPU
		{F91B968B-1DA3-4C9E-B709-B9DB98EA5982}.Debug|Any CPU.Build.0 = Debug|Any CPU
		{F91B968B-1DA3-4C9E-B709-B9DB98EA5982}.Release|Any CPU.ActiveCfg = Release|Any CPU
		{F91B968B-1DA3-4C9E-B709-B9DB98EA5982}.Release|Any CPU.Build.0 = Release|Any CPU
	EndGlobalSection
	GlobalSection(SolutionProperties) = preSolution
		HideSolutionNode = FALSE
	EndGlobalSection
	GlobalSection(ExtensibilityGlobals) = postSolution
		SolutionGuid = {82976936-46E9-4356-86E2-83673A635E13}
	EndGlobalSection
EndGlobal
