
Microsoft Visual Studio Solution File, Format Version 12.00
# Visual Studio Version 17
VisualStudioVersion = 17.11.35327.3
MinimumVisualStudioVersion = 10.0.40219.1
Project("{9A19103F-16F7-4668-BE54-9A1E7A4F7556}") = "RiskTheTest", "RiskTheTest\RiskTheTest.csproj", "{20F35801-EFD9-4296-BC7E-F417125ADCDF}"
EndProject
Project("{9A19103F-16F7-4668-BE54-9A1E7A4F7556}") = "RiskIt.Main", "RiskIt.Main\RiskIt.Main.csproj", "{C99CA872-6A30-413E-AE8B-0FA6A0D95BB2}"
EndProject
Project("{9A19103F-16F7-4668-BE54-9A1E7A4F7556}") = "RiskIt.ConsoleGame", "RiskIt.ConsoleGame\RiskIt.ConsoleGame.csproj", "{C41D6442-A230-49BE-BF80-56DD0C6F851F}"
EndProject
Project("{9A19103F-16F7-4668-BE54-9A1E7A4F7556}") = "Riskit.ConsoleGame.Tests", "Riskit.ConsoleGame.Tests\Riskit.ConsoleGame.Tests.csproj", "{37A941B8-21C6-4E0E-93BE-51CBC98259C6}"
EndProject
Project("{FAE04EC0-301F-11D3-BF4B-00C04F79EFBC}") = "RiskIt.Main.Tests", "RiskIt.Main.Tests\RiskIt.Main.Tests.csproj", "{6BCACD59-DC7D-4DCD-9A69-7C271499A7EF}"
EndProject
Global
	GlobalSection(SolutionConfigurationPlatforms) = preSolution
		Debug|Any CPU = Debug|Any CPU
		Release|Any CPU = Release|Any CPU
	EndGlobalSection
	GlobalSection(ProjectConfigurationPlatforms) = postSolution
		{20F35801-EFD9-4296-BC7E-F417125ADCDF}.Debug|Any CPU.ActiveCfg = Debug|Any CPU
		{20F35801-EFD9-4296-BC7E-F417125ADCDF}.Release|Any CPU.ActiveCfg = Release|Any CPU
		{20F35801-EFD9-4296-BC7E-F417125ADCDF}.Release|Any CPU.Build.0 = Release|Any CPU
		{C99CA872-6A30-413E-AE8B-0FA6A0D95BB2}.Debug|Any CPU.ActiveCfg = Debug|Any CPU
		{C99CA872-6A30-413E-AE8B-0FA6A0D95BB2}.Debug|Any CPU.Build.0 = Debug|Any CPU
		{C99CA872-6A30-413E-AE8B-0FA6A0D95BB2}.Release|Any CPU.ActiveCfg = Release|Any CPU
		{C99CA872-6A30-413E-AE8B-0FA6A0D95BB2}.Release|Any CPU.Build.0 = Release|Any CPU
		{C41D6442-A230-49BE-BF80-56DD0C6F851F}.Debug|Any CPU.ActiveCfg = Debug|Any CPU
		{C41D6442-A230-49BE-BF80-56DD0C6F851F}.Debug|Any CPU.Build.0 = Debug|Any CPU
		{C41D6442-A230-49BE-BF80-56DD0C6F851F}.Release|Any CPU.ActiveCfg = Release|Any CPU
		{C41D6442-A230-49BE-BF80-56DD0C6F851F}.Release|Any CPU.Build.0 = Release|Any CPU
		{37A941B8-21C6-4E0E-93BE-51CBC98259C6}.Debug|Any CPU.ActiveCfg = Debug|Any CPU
		{37A941B8-21C6-4E0E-93BE-51CBC98259C6}.Debug|Any CPU.Build.0 = Debug|Any CPU
		{37A941B8-21C6-4E0E-93BE-51CBC98259C6}.Release|Any CPU.ActiveCfg = Release|Any CPU
		{37A941B8-21C6-4E0E-93BE-51CBC98259C6}.Release|Any CPU.Build.0 = Release|Any CPU
		{6BCACD59-DC7D-4DCD-9A69-7C271499A7EF}.Debug|Any CPU.ActiveCfg = Debug|Any CPU
		{6BCACD59-DC7D-4DCD-9A69-7C271499A7EF}.Debug|Any CPU.Build.0 = Debug|Any CPU
		{6BCACD59-DC7D-4DCD-9A69-7C271499A7EF}.Release|Any CPU.ActiveCfg = Release|Any CPU
		{6BCACD59-DC7D-4DCD-9A69-7C271499A7EF}.Release|Any CPU.Build.0 = Release|Any CPU
	EndGlobalSection
	GlobalSection(SolutionProperties) = preSolution
		HideSolutionNode = FALSE
	EndGlobalSection
	GlobalSection(ExtensibilityGlobals) = postSolution
		SolutionGuid = {82976936-46E9-4356-86E2-83673A635E13}
	EndGlobalSection
EndGlobal
